
Microsoft Visual Studio Solution File, Format Version 12.00
# Visual Studio Version 17
VisualStudioVersion = 17.4.33213.308
MinimumVisualStudioVersion = 10.0.40219.1
Project("{FAE04EC0-301F-11D3-BF4B-00C04F79EFBC}") = "ClientSide", "ClientSide\ClientSide.csproj", "{E28EE12F-62F6-4C69-A786-3DF28023405C}"
EndProject
Global
	GlobalSection(SolutionConfigurationPlatforms) = preSolution
		Debug|Any CPU = Debug|Any CPU
		Release|Any CPU = Release|Any CPU
	EndGlobalSection
	GlobalSection(ProjectConfigurationPlatforms) = postSolution
		{E28EE12F-62F6-4C69-A786-3DF28023405C}.Debug|Any CPU.ActiveCfg = Debug|Any CPU
		{E28EE12F-62F6-4C69-A786-3DF28023405C}.Debug|Any CPU.Build.0 = Debug|Any CPU
		{E28EE12F-62F6-4C69-A786-3DF28023405C}.Release|Any CPU.ActiveCfg = Release|Any CPU
		{E28EE12F-62F6-4C69-A786-3DF28023405C}.Release|Any CPU.Build.0 = Release|Any CPU
	EndGlobalSection
	GlobalSection(SolutionProperties) = preSolution
		HideSolutionNode = FALSE
	EndGlobalSection
	GlobalSection(ExtensibilityGlobals) = postSolution
		SolutionGuid = {3734219B-CFA9-4C66-9875-90A86141B035}
	EndGlobalSection
EndGlobal
